
Microsoft Visual Studio Solution File, Format Version 12.00
# Visual Studio Version 17
VisualStudioVersion = 17.14.37203.1 d17.14
MinimumVisualStudioVersion = 10.0.40219.1
Project("{FAE04EC0-301F-11D3-BF4B-00C04F79EFBC}") = "ConsoleApp_Day10_HW", "ConsoleApp_Day10_HW\ConsoleApp_Day10_HW.csproj", "{8FD010CE-3F89-430D-9071-A4A9BD76A35A}"
EndProject
Global
	GlobalSection(SolutionConfigurationPlatforms) = preSolution
		Debug|Any CPU = Debug|Any CPU
		Release|Any CPU = Release|Any CPU
	EndGlobalSection
	GlobalSection(ProjectConfigurationPlatforms) = postSolution
		{8FD010CE-3F89-430D-9071-A4A9BD76A35A}.Debug|Any CPU.ActiveCfg = Debug|Any CPU
		{8FD010CE-3F89-430D-9071-A4A9BD76A35A}.Debug|Any CPU.Build.0 = Debug|Any CPU
		{8FD010CE-3F89-430D-9071-A4A9BD76A35A}.Release|Any CPU.ActiveCfg = Release|Any CPU
		{8FD010CE-3F89-430D-9071-A4A9BD76A35A}.Release|Any CPU.Build.0 = Release|Any CPU
	EndGlobalSection
	GlobalSection(SolutionProperties) = preSolution
		HideSolutionNode = FALSE
	EndGlobalSection
	GlobalSection(ExtensibilityGlobals) = postSolution
		SolutionGuid = {5340CD83-2EBE-4FF9-A213-2F0E1AC15364}
	EndGlobalSection
EndGlobal
