
Microsoft Visual Studio Solution File, Format Version 12.00
# Visual Studio Version 17
VisualStudioVersion = 17.14.37203.1 d17.14
MinimumVisualStudioVersion = 10.0.40219.1
Project("{FAE04EC0-301F-11D3-BF4B-00C04F79EFBC}") = "ConsoleApp_Day21", "ConsoleApp_Day21\ConsoleApp_Day21.csproj", "{C5202A8A-713A-49BF-B9CC-6C3A4D927853}"
EndProject
Global
	GlobalSection(SolutionConfigurationPlatforms) = preSolution
		Debug|Any CPU = Debug|Any CPU
		Release|Any CPU = Release|Any CPU
	EndGlobalSection
	GlobalSection(ProjectConfigurationPlatforms) = postSolution
		{C5202A8A-713A-49BF-B9CC-6C3A4D927853}.Debug|Any CPU.ActiveCfg = Debug|Any CPU
		{C5202A8A-713A-49BF-B9CC-6C3A4D927853}.Debug|Any CPU.Build.0 = Debug|Any CPU
		{C5202A8A-713A-49BF-B9CC-6C3A4D927853}.Release|Any CPU.ActiveCfg = Release|Any CPU
		{C5202A8A-713A-49BF-B9CC-6C3A4D927853}.Release|Any CPU.Build.0 = Release|Any CPU
	EndGlobalSection
	GlobalSection(SolutionProperties) = preSolution
		HideSolutionNode = FALSE
	EndGlobalSection
	GlobalSection(ExtensibilityGlobals) = postSolution
		SolutionGuid = {8E2F7F39-979C-42DC-9083-B197F2A3137E}
	EndGlobalSection
EndGlobal
