
Microsoft Visual Studio Solution File, Format Version 12.00
# Visual Studio Version 17
VisualStudioVersion = 17.14.37203.1 d17.14
MinimumVisualStudioVersion = 10.0.40219.1
Project("{FAE04EC0-301F-11D3-BF4B-00C04F79EFBC}") = "ConsoleApp_Day9_HW", "ConsoleApp_Day9_HW\ConsoleApp_Day9_HW.csproj", "{849CD2DF-0016-4829-AD5C-7FA1A49966CA}"
EndProject
Global
	GlobalSection(SolutionConfigurationPlatforms) = preSolution
		Debug|Any CPU = Debug|Any CPU
		Release|Any CPU = Release|Any CPU
	EndGlobalSection
	GlobalSection(ProjectConfigurationPlatforms) = postSolution
		{849CD2DF-0016-4829-AD5C-7FA1A49966CA}.Debug|Any CPU.ActiveCfg = Debug|Any CPU
		{849CD2DF-0016-4829-AD5C-7FA1A49966CA}.Debug|Any CPU.Build.0 = Debug|Any CPU
		{849CD2DF-0016-4829-AD5C-7FA1A49966CA}.Release|Any CPU.ActiveCfg = Release|Any CPU
		{849CD2DF-0016-4829-AD5C-7FA1A49966CA}.Release|Any CPU.Build.0 = Release|Any CPU
	EndGlobalSection
	GlobalSection(SolutionProperties) = preSolution
		HideSolutionNode = FALSE
	EndGlobalSection
	GlobalSection(ExtensibilityGlobals) = postSolution
		SolutionGuid = {FE8FC23A-049E-4C97-BA41-4C04199351FB}
	EndGlobalSection
EndGlobal
