
Microsoft Visual Studio Solution File, Format Version 12.00
# Visual Studio Version 17
VisualStudioVersion = 17.14.37203.1 d17.14
MinimumVisualStudioVersion = 10.0.40219.1
Project("{FAE04EC0-301F-11D3-BF4B-00C04F79EFBC}") = "ConsoleApp_HW_TRPG", "ConsoleApp_HW_TRPG\ConsoleApp_HW_TRPG.csproj", "{FE1463DB-F089-4F91-B558-BF82AE0849E8}"
EndProject
Global
	GlobalSection(SolutionConfigurationPlatforms) = preSolution
		Debug|Any CPU = Debug|Any CPU
		Release|Any CPU = Release|Any CPU
	EndGlobalSection
	GlobalSection(ProjectConfigurationPlatforms) = postSolution
		{FE1463DB-F089-4F91-B558-BF82AE0849E8}.Debug|Any CPU.ActiveCfg = Debug|Any CPU
		{FE1463DB-F089-4F91-B558-BF82AE0849E8}.Debug|Any CPU.Build.0 = Debug|Any CPU
		{FE1463DB-F089-4F91-B558-BF82AE0849E8}.Release|Any CPU.ActiveCfg = Release|Any CPU
		{FE1463DB-F089-4F91-B558-BF82AE0849E8}.Release|Any CPU.Build.0 = Release|Any CPU
	EndGlobalSection
	GlobalSection(SolutionProperties) = preSolution
		HideSolutionNode = FALSE
	EndGlobalSection
	GlobalSection(ExtensibilityGlobals) = postSolution
		SolutionGuid = {AE490249-A89E-44D4-A9F4-584EF55D677C}
	EndGlobalSection
EndGlobal
